
Microsoft Visual Studio Solution File, Format Version 12.00
# Visual Studio Version 16
VisualStudioVersion = 16.0.31321.278
MinimumVisualStudioVersion = 10.0.40219.1
Project("{9A19103F-16F7-4668-BE54-9A1E7A4F7556}") = "Apsiyon.Domain", "Apsiyon.Domain\Apsiyon.Domain.csproj", "{CAC7BFFA-9024-497B-BEAF-19180660B9EB}"
EndProject
Project("{9A19103F-16F7-4668-BE54-9A1E7A4F7556}") = "Apsiyon.Infrastructure", "Apsiyon.Infrastructure\Apsiyon.Infrastructure.csproj", "{ADC2F82B-1135-4414-B311-5983CDD36244}"
EndProject
Project("{9A19103F-16F7-4668-BE54-9A1E7A4F7556}") = "ApsiyonFinal.Application", "ApsiyonFinal.Application\ApsiyonFinal.Application.csproj", "{E5DAB1ED-7E2F-401D-A0D5-05A564B3FA9D}"
EndProject
Project("{FAE04EC0-301F-11D3-BF4B-00C04F79EFBC}") = "ApsiyonFinal.Web", "ApsiyonFinal.WebI\ApsiyonFinal.Web.csproj", "{9AC8C4BC-80C4-4206-B815-2270250A6DB1}"
EndProject
Project("{FAE04EC0-301F-11D3-BF4B-00C04F79EFBC}") = "ApsiyonFinal.CreditCardService", "ApsiyonFinal.CreditCardService\ApsiyonFinal.CreditCardService.csproj", "{140655EB-B0F5-4BE2-92C3-F12453788FB6}"
EndProject
Global
	GlobalSection(SolutionConfigurationPlatforms) = preSolution
		Debug|Any CPU = Debug|Any CPU
		Release|Any CPU = Release|Any CPU
	EndGlobalSection
	GlobalSection(ProjectConfigurationPlatforms) = postSolution
		{CAC7BFFA-9024-497B-BEAF-19180660B9EB}.Debug|Any CPU.ActiveCfg = Debug|Any CPU
		{CAC7BFFA-9024-497B-BEAF-19180660B9EB}.Debug|Any CPU.Build.0 = Debug|Any CPU
		{CAC7BFFA-9024-497B-BEAF-19180660B9EB}.Release|Any CPU.ActiveCfg = Release|Any CPU
		{CAC7BFFA-9024-497B-BEAF-19180660B9EB}.Release|Any CPU.Build.0 = Release|Any CPU
		{ADC2F82B-1135-4414-B311-5983CDD36244}.Debug|Any CPU.ActiveCfg = Debug|Any CPU
		{ADC2F82B-1135-4414-B311-5983CDD36244}.Debug|Any CPU.Build.0 = Debug|Any CPU
		{ADC2F82B-1135-4414-B311-5983CDD36244}.Release|Any CPU.ActiveCfg = Release|Any CPU
		{ADC2F82B-1135-4414-B311-5983CDD36244}.Release|Any CPU.Build.0 = Release|Any CPU
		{E5DAB1ED-7E2F-401D-A0D5-05A564B3FA9D}.Debug|Any CPU.ActiveCfg = Debug|Any CPU
		{E5DAB1ED-7E2F-401D-A0D5-05A564B3FA9D}.Debug|Any CPU.Build.0 = Debug|Any CPU
		{E5DAB1ED-7E2F-401D-A0D5-05A564B3FA9D}.Release|Any CPU.ActiveCfg = Release|Any CPU
		{E5DAB1ED-7E2F-401D-A0D5-05A564B3FA9D}.Release|Any CPU.Build.0 = Release|Any CPU
		{9AC8C4BC-80C4-4206-B815-2270250A6DB1}.Debug|Any CPU.ActiveCfg = Debug|Any CPU
		{9AC8C4BC-80C4-4206-B815-2270250A6DB1}.Debug|Any CPU.Build.0 = Debug|Any CPU
		{9AC8C4BC-80C4-4206-B815-2270250A6DB1}.Release|Any CPU.ActiveCfg = Release|Any CPU
		{9AC8C4BC-80C4-4206-B815-2270250A6DB1}.Release|Any CPU.Build.0 = Release|Any CPU
		{140655EB-B0F5-4BE2-92C3-F12453788FB6}.Debug|Any CPU.ActiveCfg = Debug|Any CPU
		{140655EB-B0F5-4BE2-92C3-F12453788FB6}.Debug|Any CPU.Build.0 = Debug|Any CPU
		{140655EB-B0F5-4BE2-92C3-F12453788FB6}.Release|Any CPU.ActiveCfg = Release|Any CPU
		{140655EB-B0F5-4BE2-92C3-F12453788FB6}.Release|Any CPU.Build.0 = Release|Any CPU
	EndGlobalSection
	GlobalSection(SolutionProperties) = preSolution
		HideSolutionNode = FALSE
	EndGlobalSection
	GlobalSection(ExtensibilityGlobals) = postSolution
		SolutionGuid = {22907690-EAA9-40CC-96FD-36A75436A159}
	EndGlobalSection
EndGlobal
